
Microsoft Visual Studio Solution File, Format Version 12.00
# Visual Studio Version 17
VisualStudioVersion = 17.6.33815.320
MinimumVisualStudioVersion = 10.0.40219.1
Project("{FAE04EC0-301F-11D3-BF4B-00C04F79EFBC}") = "W1D2-Test_0", "W1D2-Test_0.csproj", "{2EC3B332-AAC7-44ED-9DC6-233A68746465}"
EndProject
Global
	GlobalSection(SolutionConfigurationPlatforms) = preSolution
		Debug|Any CPU = Debug|Any CPU
		Release|Any CPU = Release|Any CPU
	EndGlobalSection
	GlobalSection(ProjectConfigurationPlatforms) = postSolution
		{2EC3B332-AAC7-44ED-9DC6-233A68746465}.Debug|Any CPU.ActiveCfg = Debug|Any CPU
		{2EC3B332-AAC7-44ED-9DC6-233A68746465}.Debug|Any CPU.Build.0 = Debug|Any CPU
		{2EC3B332-AAC7-44ED-9DC6-233A68746465}.Release|Any CPU.ActiveCfg = Release|Any CPU
		{2EC3B332-AAC7-44ED-9DC6-233A68746465}.Release|Any CPU.Build.0 = Release|Any CPU
	EndGlobalSection
	GlobalSection(SolutionProperties) = preSolution
		HideSolutionNode = FALSE
	EndGlobalSection
	GlobalSection(ExtensibilityGlobals) = postSolution
		SolutionGuid = {88D2E816-A95A-488E-AA93-9C2130F72B49}
	EndGlobalSection
EndGlobal
