
Microsoft Visual Studio Solution File, Format Version 12.00
# Visual Studio Version 17
VisualStudioVersion = 17.6.33815.320
MinimumVisualStudioVersion = 10.0.40219.1
Project("{FAE04EC0-301F-11D3-BF4B-00C04F79EFBC}") = "W1D3_01", "W1D3_01.csproj", "{2AAD66C7-A4A6-4BF2-8BB2-814E352B4653}"
EndProject
Global
	GlobalSection(SolutionConfigurationPlatforms) = preSolution
		Debug|Any CPU = Debug|Any CPU
		Release|Any CPU = Release|Any CPU
	EndGlobalSection
	GlobalSection(ProjectConfigurationPlatforms) = postSolution
		{2AAD66C7-A4A6-4BF2-8BB2-814E352B4653}.Debug|Any CPU.ActiveCfg = Debug|Any CPU
		{2AAD66C7-A4A6-4BF2-8BB2-814E352B4653}.Debug|Any CPU.Build.0 = Debug|Any CPU
		{2AAD66C7-A4A6-4BF2-8BB2-814E352B4653}.Release|Any CPU.ActiveCfg = Release|Any CPU
		{2AAD66C7-A4A6-4BF2-8BB2-814E352B4653}.Release|Any CPU.Build.0 = Release|Any CPU
	EndGlobalSection
	GlobalSection(SolutionProperties) = preSolution
		HideSolutionNode = FALSE
	EndGlobalSection
	GlobalSection(ExtensibilityGlobals) = postSolution
		SolutionGuid = {A0340180-5A3B-426A-9D97-8B97DE883208}
	EndGlobalSection
EndGlobal
