
Microsoft Visual Studio Solution File, Format Version 12.00
# Visual Studio Version 17
VisualStudioVersion = 17.7.34024.191
MinimumVisualStudioVersion = 10.0.40219.1
Project("{FAE04EC0-301F-11D3-BF4B-00C04F79EFBC}") = "Testing-GPT-API", "Testing-GPT-API\Testing-GPT-API.csproj", "{96488C60-61E4-4E77-B940-85F146775636}"
EndProject
Global
	GlobalSection(SolutionConfigurationPlatforms) = preSolution
		Debug|Any CPU = Debug|Any CPU
		Release|Any CPU = Release|Any CPU
	EndGlobalSection
	GlobalSection(ProjectConfigurationPlatforms) = postSolution
		{96488C60-61E4-4E77-B940-85F146775636}.Debug|Any CPU.ActiveCfg = Debug|Any CPU
		{96488C60-61E4-4E77-B940-85F146775636}.Debug|Any CPU.Build.0 = Debug|Any CPU
		{96488C60-61E4-4E77-B940-85F146775636}.Release|Any CPU.ActiveCfg = Release|Any CPU
		{96488C60-61E4-4E77-B940-85F146775636}.Release|Any CPU.Build.0 = Release|Any CPU
	EndGlobalSection
	GlobalSection(SolutionProperties) = preSolution
		HideSolutionNode = FALSE
	EndGlobalSection
	GlobalSection(ExtensibilityGlobals) = postSolution
		SolutionGuid = {143B8195-3D17-467D-B7F8-EA9171F352B9}
	EndGlobalSection
EndGlobal
