
Microsoft Visual Studio Solution File, Format Version 12.00
# Visual Studio Version 17
VisualStudioVersion = 17.7.34024.191
MinimumVisualStudioVersion = 10.0.40219.1
Project("{FAE04EC0-301F-11D3-BF4B-00C04F79EFBC}") = "SchrothJ_HW3", "SchrothJ_HW3.csproj", "{B27F41CD-F273-46C2-9949-9CB6D9C80F0A}"
EndProject
Global
	GlobalSection(SolutionConfigurationPlatforms) = preSolution
		Debug|Any CPU = Debug|Any CPU
		Release|Any CPU = Release|Any CPU
	EndGlobalSection
	GlobalSection(ProjectConfigurationPlatforms) = postSolution
		{B27F41CD-F273-46C2-9949-9CB6D9C80F0A}.Debug|Any CPU.ActiveCfg = Debug|Any CPU
		{B27F41CD-F273-46C2-9949-9CB6D9C80F0A}.Debug|Any CPU.Build.0 = Debug|Any CPU
		{B27F41CD-F273-46C2-9949-9CB6D9C80F0A}.Release|Any CPU.ActiveCfg = Release|Any CPU
		{B27F41CD-F273-46C2-9949-9CB6D9C80F0A}.Release|Any CPU.Build.0 = Release|Any CPU
	EndGlobalSection
	GlobalSection(SolutionProperties) = preSolution
		HideSolutionNode = FALSE
	EndGlobalSection
	GlobalSection(ExtensibilityGlobals) = postSolution
		SolutionGuid = {CDA137A2-CFCD-41A5-95DF-3DE0804CC2B9}
	EndGlobalSection
EndGlobal
