
Microsoft Visual Studio Solution File, Format Version 12.00
# Visual Studio Version 17
VisualStudioVersion = 17.7.34024.191
MinimumVisualStudioVersion = 10.0.40219.1
Project("{FAE04EC0-301F-11D3-BF4B-00C04F79EFBC}") = "TheBestAPI", "TheBestAPI\TheBestAPI.csproj", "{FFB66489-7F9E-4D50-93E2-E8F834C42868}"
EndProject
Global
	GlobalSection(SolutionConfigurationPlatforms) = preSolution
		Debug|Any CPU = Debug|Any CPU
		Release|Any CPU = Release|Any CPU
	EndGlobalSection
	GlobalSection(ProjectConfigurationPlatforms) = postSolution
		{FFB66489-7F9E-4D50-93E2-E8F834C42868}.Debug|Any CPU.ActiveCfg = Debug|Any CPU
		{FFB66489-7F9E-4D50-93E2-E8F834C42868}.Debug|Any CPU.Build.0 = Debug|Any CPU
		{FFB66489-7F9E-4D50-93E2-E8F834C42868}.Release|Any CPU.ActiveCfg = Release|Any CPU
		{FFB66489-7F9E-4D50-93E2-E8F834C42868}.Release|Any CPU.Build.0 = Release|Any CPU
	EndGlobalSection
	GlobalSection(SolutionProperties) = preSolution
		HideSolutionNode = FALSE
	EndGlobalSection
	GlobalSection(ExtensibilityGlobals) = postSolution
		SolutionGuid = {17C55A1C-24C1-441C-8D2B-B95B7C76DBD8}
	EndGlobalSection
EndGlobal
