
Microsoft Visual Studio Solution File, Format Version 12.00
# Visual Studio Version 17
VisualStudioVersion = 17.6.33815.320
MinimumVisualStudioVersion = 10.0.40219.1
Project("{FAE04EC0-301F-11D3-BF4B-00C04F79EFBC}") = "PE2_StatementsExpressions", "PE2_StatementsExpressions.csproj", "{532770F1-9DA0-4C2E-993F-74C722F48BA0}"
EndProject
Global
	GlobalSection(SolutionConfigurationPlatforms) = preSolution
		Debug|Any CPU = Debug|Any CPU
		Release|Any CPU = Release|Any CPU
	EndGlobalSection
	GlobalSection(ProjectConfigurationPlatforms) = postSolution
		{532770F1-9DA0-4C2E-993F-74C722F48BA0}.Debug|Any CPU.ActiveCfg = Debug|Any CPU
		{532770F1-9DA0-4C2E-993F-74C722F48BA0}.Debug|Any CPU.Build.0 = Debug|Any CPU
		{532770F1-9DA0-4C2E-993F-74C722F48BA0}.Release|Any CPU.ActiveCfg = Release|Any CPU
		{532770F1-9DA0-4C2E-993F-74C722F48BA0}.Release|Any CPU.Build.0 = Release|Any CPU
	EndGlobalSection
	GlobalSection(SolutionProperties) = preSolution
		HideSolutionNode = FALSE
	EndGlobalSection
	GlobalSection(ExtensibilityGlobals) = postSolution
		SolutionGuid = {3966EFEE-B214-4E43-BAAD-5D4BA0643ECD}
	EndGlobalSection
EndGlobal
