
Microsoft Visual Studio Solution File, Format Version 12.00
# Visual Studio Version 17
VisualStudioVersion = 17.7.34024.191
MinimumVisualStudioVersion = 10.0.40219.1
Project("{FAE04EC0-301F-11D3-BF4B-00C04F79EFBC}") = "SchrothJ_HW4", "SchrothJ_HW4.csproj", "{BFC88DCA-AC3D-4D9D-B507-5EFFA23A7AB6}"
EndProject
Global
	GlobalSection(SolutionConfigurationPlatforms) = preSolution
		Debug|Any CPU = Debug|Any CPU
		Release|Any CPU = Release|Any CPU
	EndGlobalSection
	GlobalSection(ProjectConfigurationPlatforms) = postSolution
		{BFC88DCA-AC3D-4D9D-B507-5EFFA23A7AB6}.Debug|Any CPU.ActiveCfg = Debug|Any CPU
		{BFC88DCA-AC3D-4D9D-B507-5EFFA23A7AB6}.Debug|Any CPU.Build.0 = Debug|Any CPU
		{BFC88DCA-AC3D-4D9D-B507-5EFFA23A7AB6}.Release|Any CPU.ActiveCfg = Release|Any CPU
		{BFC88DCA-AC3D-4D9D-B507-5EFFA23A7AB6}.Release|Any CPU.Build.0 = Release|Any CPU
	EndGlobalSection
	GlobalSection(SolutionProperties) = preSolution
		HideSolutionNode = FALSE
	EndGlobalSection
	GlobalSection(ExtensibilityGlobals) = postSolution
		SolutionGuid = {D201A68C-D345-4626-92FD-6B397DC3FD6F}
	EndGlobalSection
EndGlobal
