
Microsoft Visual Studio Solution File, Format Version 12.00
# Visual Studio Version 17
VisualStudioVersion = 17.6.33815.320
MinimumVisualStudioVersion = 10.0.40219.1
Project("{FAE04EC0-301F-11D3-BF4B-00C04F79EFBC}") = "PE6_InputParsing", "PE6_InputParsing.csproj", "{A38BE776-A748-4309-872D-B11EC60BEF62}"
EndProject
Global
	GlobalSection(SolutionConfigurationPlatforms) = preSolution
		Debug|Any CPU = Debug|Any CPU
		Release|Any CPU = Release|Any CPU
	EndGlobalSection
	GlobalSection(ProjectConfigurationPlatforms) = postSolution
		{A38BE776-A748-4309-872D-B11EC60BEF62}.Debug|Any CPU.ActiveCfg = Debug|Any CPU
		{A38BE776-A748-4309-872D-B11EC60BEF62}.Debug|Any CPU.Build.0 = Debug|Any CPU
		{A38BE776-A748-4309-872D-B11EC60BEF62}.Release|Any CPU.ActiveCfg = Release|Any CPU
		{A38BE776-A748-4309-872D-B11EC60BEF62}.Release|Any CPU.Build.0 = Release|Any CPU
	EndGlobalSection
	GlobalSection(SolutionProperties) = preSolution
		HideSolutionNode = FALSE
	EndGlobalSection
	GlobalSection(ExtensibilityGlobals) = postSolution
		SolutionGuid = {E8FD6D2D-6853-47FF-B59E-13155B162EFD}
	EndGlobalSection
EndGlobal
